
Microsoft Visual Studio Solution File, Format Version 12.00
# Visual Studio Version 16
VisualStudioVersion = 16.0.30114.105
MinimumVisualStudioVersion = 10.0.40219.1
Project("{FAE04EC0-301F-11D3-BF4B-00C04F79EFBC}") = "exam", "exam\exam.csproj", "{E8CBDE8C-7FE0-426C-9093-19FE1E698945}"
EndProject
Global
	GlobalSection(SolutionConfigurationPlatforms) = preSolution
		Debug|Any CPU = Debug|Any CPU
		Release|Any CPU = Release|Any CPU
	EndGlobalSection
	GlobalSection(ProjectConfigurationPlatforms) = postSolution
		{E8CBDE8C-7FE0-426C-9093-19FE1E698945}.Debug|Any CPU.ActiveCfg = Debug|Any CPU
		{E8CBDE8C-7FE0-426C-9093-19FE1E698945}.Debug|Any CPU.Build.0 = Debug|Any CPU
		{E8CBDE8C-7FE0-426C-9093-19FE1E698945}.Release|Any CPU.ActiveCfg = Release|Any CPU
		{E8CBDE8C-7FE0-426C-9093-19FE1E698945}.Release|Any CPU.Build.0 = Release|Any CPU
	EndGlobalSection
	GlobalSection(SolutionProperties) = preSolution
		HideSolutionNode = FALSE
	EndGlobalSection
	GlobalSection(ExtensibilityGlobals) = postSolution
		SolutionGuid = {F1122023-AD2B-40F4-9091-E9D20F579C43}
	EndGlobalSection
EndGlobal
